# This file is autogenerated, do not edit; changes may be undone by the next 'dep ensure'.


[[projects]]
  branch = "master"
  name = "github.com/kiasaki/prompt"
  packages = ["."]
  revision = "cf7240e9440bcb58c140ba7e2e3da67b203da323"

[[projects]]
  branch = "master"
  name = "github.com/kiasaki/term"
  packages = ["."]
  revision = "5eaeed197f153fdb874048bb23820748a64e3651"

[solve-meta]
  analyzer-name = "dep"
  analyzer-version = 1
  inputs-digest = "beeec8d4b64b58f5fbb2478fcb8a7f4ae7427fb98e294247881d9d42c5b18fd7"
  solver-name = "gps-cdcl"
  solver-version = 1
