# This file is autogenerated, do not edit; changes may be undone by the next 'dep ensure'.


[[projects]]
  branch = "master"
  name = "github.com/kiasaki/prompt"
  packages = ["."]
  revision = "28dab6a21147bbb7ca8cef20b0a2e67c86181293"

[[projects]]
  branch = "master"
  name = "github.com/kiasaki/term"
  packages = ["."]
  revision = "1ca61f97c46a9c1d26c195bf00f74fc9107f0c78"

[solve-meta]
  analyzer-name = "dep"
  analyzer-version = 1
  inputs-digest = "beeec8d4b64b58f5fbb2478fcb8a7f4ae7427fb98e294247881d9d42c5b18fd7"
  solver-name = "gps-cdcl"
  solver-version = 1
